
Microsoft Visual Studio Solution File, Format Version 12.00
# Visual Studio 15
VisualStudioVersion = 15.0.26730.15
MinimumVisualStudioVersion = 10.0.40219.1
Project("{FAE04EC0-301F-11D3-BF4B-00C04F79EFBC}") = "πSSN", "πSSN\πSSN.csproj", "{555383D5-3A8C-4CEB-AF25-217D7A56AB7D}"
EndProject
Global
	GlobalSection(SolutionConfigurationPlatforms) = preSolution
		Debug|x64 = Debug|x64
		Release|x64 = Release|x64
	EndGlobalSection
	GlobalSection(ProjectConfigurationPlatforms) = postSolution
		{555383D5-3A8C-4CEB-AF25-217D7A56AB7D}.Debug|x64.ActiveCfg = Debug|x64
		{555383D5-3A8C-4CEB-AF25-217D7A56AB7D}.Debug|x64.Build.0 = Debug|x64
		{555383D5-3A8C-4CEB-AF25-217D7A56AB7D}.Release|x64.ActiveCfg = Release|x64
		{555383D5-3A8C-4CEB-AF25-217D7A56AB7D}.Release|x64.Build.0 = Release|x64
	EndGlobalSection
	GlobalSection(SolutionProperties) = preSolution
		HideSolutionNode = FALSE
	EndGlobalSection
	GlobalSection(ExtensibilityGlobals) = postSolution
		SolutionGuid = {B524BA21-464B-48A4-9046-2E2FD3213505}
	EndGlobalSection
EndGlobal
